
Microsoft Visual Studio Solution File, Format Version 12.00
# Visual Studio Version 16
VisualStudioVersion = 16.0.31321.278
MinimumVisualStudioVersion = 10.0.40219.1
Project("{FAE04EC0-301F-11D3-BF4B-00C04F79EFBC}") = "BigSchool_TH4", "BigSchool_TH4\BigSchool_TH4.csproj", "{EEEF5732-576C-4701-B926-7C0121D6D15E}"
EndProject
Global
	GlobalSection(SolutionConfigurationPlatforms) = preSolution
		Debug|Any CPU = Debug|Any CPU
		Release|Any CPU = Release|Any CPU
	EndGlobalSection
	GlobalSection(ProjectConfigurationPlatforms) = postSolution
		{EEEF5732-576C-4701-B926-7C0121D6D15E}.Debug|Any CPU.ActiveCfg = Debug|Any CPU
		{EEEF5732-576C-4701-B926-7C0121D6D15E}.Debug|Any CPU.Build.0 = Debug|Any CPU
		{EEEF5732-576C-4701-B926-7C0121D6D15E}.Release|Any CPU.ActiveCfg = Release|Any CPU
		{EEEF5732-576C-4701-B926-7C0121D6D15E}.Release|Any CPU.Build.0 = Release|Any CPU
	EndGlobalSection
	GlobalSection(SolutionProperties) = preSolution
		HideSolutionNode = FALSE
	EndGlobalSection
	GlobalSection(ExtensibilityGlobals) = postSolution
		SolutionGuid = {F34CD00C-9EC9-4D06-B451-6AED1D9BE62E}
	EndGlobalSection
EndGlobal
